
Microsoft Visual Studio Solution File, Format Version 12.00
# Visual Studio Version 17
VisualStudioVersion = 17.9.34616.47
MinimumVisualStudioVersion = 10.0.40219.1
Project("{FAE04EC0-301F-11D3-BF4B-00C04F79EFBC}") = "LogisticsWebsite_WebProgramingProject", "LogisticsWebsite_WebProgramingProject\LogisticsWebsite_WebProgramingProject.csproj", "{1FF374A9-785A-4674-B339-C4A6F52236A7}"
EndProject
Global
	GlobalSection(SolutionConfigurationPlatforms) = preSolution
		Debug|Any CPU = Debug|Any CPU
		Release|Any CPU = Release|Any CPU
	EndGlobalSection
	GlobalSection(ProjectConfigurationPlatforms) = postSolution
		{1FF374A9-785A-4674-B339-C4A6F52236A7}.Debug|Any CPU.ActiveCfg = Debug|Any CPU
		{1FF374A9-785A-4674-B339-C4A6F52236A7}.Debug|Any CPU.Build.0 = Debug|Any CPU
		{1FF374A9-785A-4674-B339-C4A6F52236A7}.Release|Any CPU.ActiveCfg = Release|Any CPU
		{1FF374A9-785A-4674-B339-C4A6F52236A7}.Release|Any CPU.Build.0 = Release|Any CPU
	EndGlobalSection
	GlobalSection(SolutionProperties) = preSolution
		HideSolutionNode = FALSE
	EndGlobalSection
	GlobalSection(ExtensibilityGlobals) = postSolution
		SolutionGuid = {C2875EB5-1217-4FE7-9A0C-92F59CD70321}
	EndGlobalSection
EndGlobal
